// !$*UTF8*$!
{
	archiveVersion = 1;
	classes = {
	};
	objectVersion = 46;
	objects = {

/* Begin PBXBuildFile section */
		1C14CC511B5974D300112E6B /* AppDelegate.swift in Sources */ = {isa = PBXBuildFile; fileRef = 1C14CC501B5974D300112E6B /* AppDelegate.swift */; };
		1C14CC531B5974D300112E6B /* ViewController.swift in Sources */ = {isa = PBXBuildFile; fileRef = 1C14CC521B5974D300112E6B /* ViewController.swift */; };
		1C14CC561B5974D300112E6B /* Main.storyboard in Resources */ = {isa = PBXBuildFile; fileRef = 1C14CC541B5974D300112E6B /* Main.storyboard */; };
		1C14CC581B5974D300112E6B /* Images.xcassets in Resources */ = {isa = PBXBuildFile; fileRef = 1C14CC571B5974D300112E6B /* Images.xcassets */; };
		1C14CC5B1B5974D300112E6B /* LaunchScreen.xib in Resources */ = {isa = PBXBuildFile; fileRef = 1C14CC591B5974D300112E6B /* LaunchScreen.xib */; };
		1C14CC671B5974D300112E6B /* TakTests.swift in Sources */ = {isa = PBXBuildFile; fileRef = 1C14CC661B5974D300112E6B /* TakTests.swift */; };
		1C14CC771B59751A00112E6B /* Bolts.framework in Frameworks */ = {isa = PBXBuildFile; fileRef = 1C14CC711B59751A00112E6B /* Bolts.framework */; };
		1C14CC781B59751A00112E6B /* Parse.framework in Frameworks */ = {isa = PBXBuildFile; fileRef = 1C14CC721B59751A00112E6B /* Parse.framework */; };
		1C14CC791B59751A00112E6B /* ParseCrashReporting.framework in Frameworks */ = {isa = PBXBuildFile; fileRef = 1C14CC731B59751A00112E6B /* ParseCrashReporting.framework */; };
		1C14CC7B1B59751A00112E6B /* ParseFacebookUtilsV4.framework in Frameworks */ = {isa = PBXBuildFile; fileRef = 1C14CC751B59751A00112E6B /* ParseFacebookUtilsV4.framework */; };
		1C14CC7C1B59751A00112E6B /* ParseUI.framework in Frameworks */ = {isa = PBXBuildFile; fileRef = 1C14CC761B59751A00112E6B /* ParseUI.framework */; };
		1C14CC881B59759600112E6B /* AudioToolbox.framework in Frameworks */ = {isa = PBXBuildFile; fileRef = 1C14CC7D1B59759600112E6B /* AudioToolbox.framework */; };
		1C14CC891B59759600112E6B /* CFNetwork.framework in Frameworks */ = {isa = PBXBuildFile; fileRef = 1C14CC7E1B59759600112E6B /* CFNetwork.framework */; };
		1C14CC8A1B59759600112E6B /* CoreGraphics.framework in Frameworks */ = {isa = PBXBuildFile; fileRef = 1C14CC7F1B59759600112E6B /* CoreGraphics.framework */; };
		1C14CC8B1B59759600112E6B /* CoreLocation.framework in Frameworks */ = {isa = PBXBuildFile; fileRef = 1C14CC801B59759600112E6B /* CoreLocation.framework */; };
		1C14CC8C1B59759600112E6B /* libsqlite3.dylib in Frameworks */ = {isa = PBXBuildFile; fileRef = 1C14CC811B59759600112E6B /* libsqlite3.dylib */; };
		1C14CC8D1B59759600112E6B /* libz.dylib in Frameworks */ = {isa = PBXBuildFile; fileRef = 1C14CC821B59759600112E6B /* libz.dylib */; };
		1C14CC8E1B59759600112E6B /* MobileCoreServices.framework in Frameworks */ = {isa = PBXBuildFile; fileRef = 1C14CC831B59759600112E6B /* MobileCoreServices.framework */; };
		1C14CC8F1B59759600112E6B /* QuartzCore.framework in Frameworks */ = {isa = PBXBuildFile; fileRef = 1C14CC841B59759600112E6B /* QuartzCore.framework */; };
		1C14CC901B59759600112E6B /* Security.framework in Frameworks */ = {isa = PBXBuildFile; fileRef = 1C14CC851B59759600112E6B /* Security.framework */; };
		1C14CC911B59759600112E6B /* StoreKit.framework in Frameworks */ = {isa = PBXBuildFile; fileRef = 1C14CC861B59759600112E6B /* StoreKit.framework */; };
		1C14CC921B59759600112E6B /* SystemConfiguration.framework in Frameworks */ = {isa = PBXBuildFile; fileRef = 1C14CC871B59759600112E6B /* SystemConfiguration.framework */; };
		1C14CC9A1B5976CC00112E6B /* FeedCellViewController.swift in Sources */ = {isa = PBXBuildFile; fileRef = 1C14CC931B5976CC00112E6B /* FeedCellViewController.swift */; };
		1C14CC9B1B5976CC00112E6B /* FeedTableViewController.swift in Sources */ = {isa = PBXBuildFile; fileRef = 1C14CC941B5976CC00112E6B /* FeedTableViewController.swift */; };
		1C14CC9C1B5976CC00112E6B /* NewItemViewController.swift in Sources */ = {isa = PBXBuildFile; fileRef = 1C14CC951B5976CC00112E6B /* NewItemViewController.swift */; };
		1C14CC9D1B5976CC00112E6B /* CommitmentHelper.swift in Sources */ = {isa = PBXBuildFile; fileRef = 1C14CC961B5976CC00112E6B /* CommitmentHelper.swift */; };
		1C14CC9E1B5976CC00112E6B /* Commitment.swift in Sources */ = {isa = PBXBuildFile; fileRef = 1C14CC981B5976CC00112E6B /* Commitment.swift */; };
		1C14CC9F1B5976CC00112E6B /* FeedTableViewCell.swift in Sources */ = {isa = PBXBuildFile; fileRef = 1C14CC991B5976CC00112E6B /* FeedTableViewCell.swift */; };
		1C14CCA11B59862F00112E6B /* ContentViewController.swift in Sources */ = {isa = PBXBuildFile; fileRef = 1C14CCA01B59862F00112E6B /* ContentViewController.swift */; };
		1C8FE6AE1B601389009EDCEB /* Accounts.framework in Frameworks */ = {isa = PBXBuildFile; fileRef = 1C8FE6AC1B601389009EDCEB /* Accounts.framework */; settings = {ATTRIBUTES = (Required, ); }; };
		1C8FE6AF1B601389009EDCEB /* Social.framework in Frameworks */ = {isa = PBXBuildFile; fileRef = 1C8FE6AD1B601389009EDCEB /* Social.framework */; };
		1CBBE92F1B5EAB84002064AE /* LoginViewController.swift in Sources */ = {isa = PBXBuildFile; fileRef = 1CBBE92E1B5EAB84002064AE /* LoginViewController.swift */; };
		1CBBE9311B5EB593002064AE /* ProfileViewController.swift in Sources */ = {isa = PBXBuildFile; fileRef = 1CBBE9301B5EB593002064AE /* ProfileViewController.swift */; };
		1CBBE9351B5EE1DC002064AE /* FBSDKCoreKit.framework in Frameworks */ = {isa = PBXBuildFile; fileRef = 1CBBE9341B5EE1DC002064AE /* FBSDKCoreKit.framework */; };
		1CBBE93C1B5EF36E002064AE /* FBSDKLoginKit.framework in Frameworks */ = {isa = PBXBuildFile; fileRef = 1CBBE93B1B5EF36E002064AE /* FBSDKLoginKit.framework */; };
		1CCAB4BA1B66DABF000DFA49 /* DatePickerViewController.swift in Sources */ = {isa = PBXBuildFile; fileRef = 1CCAB4B91B66DABF000DFA49 /* DatePickerViewController.swift */; };
		1CCAB4BC1B69559D000DFA49 /* ProfileSettingsViewController.swift in Sources */ = {isa = PBXBuildFile; fileRef = 1CCAB4BB1B69559D000DFA49 /* ProfileSettingsViewController.swift */; };
		1CCAB4C01B697541000DFA49 /* UserHelper.swift in Sources */ = {isa = PBXBuildFile; fileRef = 1CCAB4BF1B697541000DFA49 /* UserHelper.swift */; };
/* End PBXBuildFile section */

/* Begin PBXContainerItemProxy section */
		1C14CC611B5974D300112E6B /* PBXContainerItemProxy */ = {
			isa = PBXContainerItemProxy;
			containerPortal = 1C14CC431B5974D300112E6B /* Project object */;
			proxyType = 1;
			remoteGlobalIDString = 1C14CC4A1B5974D300112E6B;
			remoteInfo = Tak;
		};
/* End PBXContainerItemProxy section */

/* Begin PBXFileReference section */
		1C14CC4B1B5974D300112E6B /* Tak.app */ = {isa = PBXFileReference; explicitFileType = wrapper.application; includeInIndex = 0; path = Tak.app; sourceTree = BUILT_PRODUCTS_DIR; };
		1C14CC4F1B5974D300112E6B /* Info.plist */ = {isa = PBXFileReference; lastKnownFileType = text.plist.xml; path = Info.plist; sourceTree = "<group>"; };
		1C14CC501B5974D300112E6B /* AppDelegate.swift */ = {isa = PBXFileReference; lastKnownFileType = sourcecode.swift; path = AppDelegate.swift; sourceTree = "<group>"; };
		1C14CC521B5974D300112E6B /* ViewController.swift */ = {isa = PBXFileReference; lastKnownFileType = sourcecode.swift; path = ViewController.swift; sourceTree = "<group>"; };
		1C14CC551B5974D300112E6B /* Base */ = {isa = PBXFileReference; lastKnownFileType = file.storyboard; name = Base; path = Base.lproj/Main.storyboard; sourceTree = "<group>"; };
		1C14CC571B5974D300112E6B /* Images.xcassets */ = {isa = PBXFileReference; lastKnownFileType = folder.assetcatalog; path = Images.xcassets; sourceTree = "<group>"; };
		1C14CC5A1B5974D300112E6B /* Base */ = {isa = PBXFileReference; lastKnownFileType = file.xib; name = Base; path = Base.lproj/LaunchScreen.xib; sourceTree = "<group>"; };
		1C14CC601B5974D300112E6B /* TakTests.xctest */ = {isa = PBXFileReference; explicitFileType = wrapper.cfbundle; includeInIndex = 0; path = TakTests.xctest; sourceTree = BUILT_PRODUCTS_DIR; };
		1C14CC651B5974D300112E6B /* Info.plist */ = {isa = PBXFileReference; lastKnownFileType = text.plist.xml; path = Info.plist; sourceTree = "<group>"; };
		1C14CC661B5974D300112E6B /* TakTests.swift */ = {isa = PBXFileReference; lastKnownFileType = sourcecode.swift; path = TakTests.swift; sourceTree = "<group>"; };
		1C14CC711B59751A00112E6B /* Bolts.framework */ = {isa = PBXFileReference; lastKnownFileType = wrapper.framework; path = Bolts.framework; sourceTree = "<group>"; };
		1C14CC721B59751A00112E6B /* Parse.framework */ = {isa = PBXFileReference; lastKnownFileType = wrapper.framework; path = Parse.framework; sourceTree = "<group>"; };
		1C14CC731B59751A00112E6B /* ParseCrashReporting.framework */ = {isa = PBXFileReference; lastKnownFileType = wrapper.framework; path = ParseCrashReporting.framework; sourceTree = "<group>"; };
		1C14CC751B59751A00112E6B /* ParseFacebookUtilsV4.framework */ = {isa = PBXFileReference; lastKnownFileType = wrapper.framework; path = ParseFacebookUtilsV4.framework; sourceTree = "<group>"; };
		1C14CC761B59751A00112E6B /* ParseUI.framework */ = {isa = PBXFileReference; lastKnownFileType = wrapper.framework; path = ParseUI.framework; sourceTree = "<group>"; };
		1C14CC7D1B59759600112E6B /* AudioToolbox.framework */ = {isa = PBXFileReference; lastKnownFileType = wrapper.framework; name = AudioToolbox.framework; path = System/Library/Frameworks/AudioToolbox.framework; sourceTree = SDKROOT; };
		1C14CC7E1B59759600112E6B /* CFNetwork.framework */ = {isa = PBXFileReference; lastKnownFileType = wrapper.framework; name = CFNetwork.framework; path = System/Library/Frameworks/CFNetwork.framework; sourceTree = SDKROOT; };
		1C14CC7F1B59759600112E6B /* CoreGraphics.framework */ = {isa = PBXFileReference; lastKnownFileType = wrapper.framework; name = CoreGraphics.framework; path = System/Library/Frameworks/CoreGraphics.framework; sourceTree = SDKROOT; };
		1C14CC801B59759600112E6B /* CoreLocation.framework */ = {isa = PBXFileReference; lastKnownFileType = wrapper.framework; name = CoreLocation.framework; path = System/Library/Frameworks/CoreLocation.framework; sourceTree = SDKROOT; };
		1C14CC811B59759600112E6B /* libsqlite3.dylib */ = {isa = PBXFileReference; lastKnownFileType = "compiled.mach-o.dylib"; name = libsqlite3.dylib; path = usr/lib/libsqlite3.dylib; sourceTree = SDKROOT; };
		1C14CC821B59759600112E6B /* libz.dylib */ = {isa = PBXFileReference; lastKnownFileType = "compiled.mach-o.dylib"; name = libz.dylib; path = usr/lib/libz.dylib; sourceTree = SDKROOT; };
		1C14CC831B59759600112E6B /* MobileCoreServices.framework */ = {isa = PBXFileReference; lastKnownFileType = wrapper.framework; name = MobileCoreServices.framework; path = System/Library/Frameworks/MobileCoreServices.framework; sourceTree = SDKROOT; };
		1C14CC841B59759600112E6B /* QuartzCore.framework */ = {isa = PBXFileReference; lastKnownFileType = wrapper.framework; name = QuartzCore.framework; path = System/Library/Frameworks/QuartzCore.framework; sourceTree = SDKROOT; };
		1C14CC851B59759600112E6B /* Security.framework */ = {isa = PBXFileReference; lastKnownFileType = wrapper.framework; name = Security.framework; path = System/Library/Frameworks/Security.framework; sourceTree = SDKROOT; };
		1C14CC861B59759600112E6B /* StoreKit.framework */ = {isa = PBXFileReference; lastKnownFileType = wrapper.framework; name = StoreKit.framework; path = System/Library/Frameworks/StoreKit.framework; sourceTree = SDKROOT; };
		1C14CC871B59759600112E6B /* SystemConfiguration.framework */ = {isa = PBXFileReference; lastKnownFileType = wrapper.framework; name = SystemConfiguration.framework; path = System/Library/Frameworks/SystemConfiguration.framework; sourceTree = SDKROOT; };
		1C14CC931B5976CC00112E6B /* FeedCellViewController.swift */ = {isa = PBXFileReference; fileEncoding = 4; lastKnownFileType = sourcecode.swift; path = FeedCellViewController.swift; sourceTree = "<group>"; };
		1C14CC941B5976CC00112E6B /* FeedTableViewController.swift */ = {isa = PBXFileReference; fileEncoding = 4; lastKnownFileType = sourcecode.swift; path = FeedTableViewController.swift; sourceTree = "<group>"; };
		1C14CC951B5976CC00112E6B /* NewItemViewController.swift */ = {isa = PBXFileReference; fileEncoding = 4; lastKnownFileType = sourcecode.swift; path = NewItemViewController.swift; sourceTree = "<group>"; };
		1C14CC961B5976CC00112E6B /* CommitmentHelper.swift */ = {isa = PBXFileReference; fileEncoding = 4; lastKnownFileType = sourcecode.swift; path = CommitmentHelper.swift; sourceTree = "<group>"; };
		1C14CC981B5976CC00112E6B /* Commitment.swift */ = {isa = PBXFileReference; fileEncoding = 4; lastKnownFileType = sourcecode.swift; path = Commitment.swift; sourceTree = "<group>"; };
		1C14CC991B5976CC00112E6B /* FeedTableViewCell.swift */ = {isa = PBXFileReference; fileEncoding = 4; lastKnownFileType = sourcecode.swift; path = FeedTableViewCell.swift; sourceTree = "<group>"; };
		1C14CCA01B59862F00112E6B /* ContentViewController.swift */ = {isa = PBXFileReference; fileEncoding = 4; lastKnownFileType = sourcecode.swift; path = ContentViewController.swift; sourceTree = "<group>"; };
		1C8FE6AC1B601389009EDCEB /* Accounts.framework */ = {isa = PBXFileReference; lastKnownFileType = wrapper.framework; name = Accounts.framework; path = System/Library/Frameworks/Accounts.framework; sourceTree = SDKROOT; };
		1C8FE6AD1B601389009EDCEB /* Social.framework */ = {isa = PBXFileReference; lastKnownFileType = wrapper.framework; name = Social.framework; path = System/Library/Frameworks/Social.framework; sourceTree = SDKROOT; };
		1CBBE92E1B5EAB84002064AE /* LoginViewController.swift */ = {isa = PBXFileReference; fileEncoding = 4; lastKnownFileType = sourcecode.swift; path = LoginViewController.swift; sourceTree = "<group>"; };
		1CBBE9301B5EB593002064AE /* ProfileViewController.swift */ = {isa = PBXFileReference; fileEncoding = 4; lastKnownFileType = sourcecode.swift; path = ProfileViewController.swift; sourceTree = "<group>"; };
		1CBBE9341B5EE1DC002064AE /* FBSDKCoreKit.framework */ = {isa = PBXFileReference; lastKnownFileType = wrapper.framework; path = FBSDKCoreKit.framework; sourceTree = "<group>"; };
		1CBBE93A1B5EEF93002064AE /* BridgingHeader.h */ = {isa = PBXFileReference; fileEncoding = 4; lastKnownFileType = sourcecode.c.h; path = BridgingHeader.h; sourceTree = "<group>"; };
		1CBBE93B1B5EF36E002064AE /* FBSDKLoginKit.framework */ = {isa = PBXFileReference; lastKnownFileType = wrapper.framework; path = FBSDKLoginKit.framework; sourceTree = "<group>"; };
		1CCAB4B91B66DABF000DFA49 /* DatePickerViewController.swift */ = {isa = PBXFileReference; fileEncoding = 4; lastKnownFileType = sourcecode.swift; path = DatePickerViewController.swift; sourceTree = "<group>"; };
		1CCAB4BB1B69559D000DFA49 /* ProfileSettingsViewController.swift */ = {isa = PBXFileReference; fileEncoding = 4; lastKnownFileType = sourcecode.swift; path = ProfileSettingsViewController.swift; sourceTree = "<group>"; };
		1CCAB4BF1B697541000DFA49 /* UserHelper.swift */ = {isa = PBXFileReference; fileEncoding = 4; lastKnownFileType = sourcecode.swift; path = UserHelper.swift; sourceTree = "<group>"; };
/* End PBXFileReference section */

/* Begin PBXFrameworksBuildPhase section */
		1C14CC481B5974D300112E6B /* Frameworks */ = {
			isa = PBXFrameworksBuildPhase;
			buildActionMask = 2147483647;
			files = (
				1C8FE6AE1B601389009EDCEB /* Accounts.framework in Frameworks */,
				1C8FE6AF1B601389009EDCEB /* Social.framework in Frameworks */,
				1C14CC881B59759600112E6B /* AudioToolbox.framework in Frameworks */,
				1C14CC891B59759600112E6B /* CFNetwork.framework in Frameworks */,
				1CBBE93C1B5EF36E002064AE /* FBSDKLoginKit.framework in Frameworks */,
				1C14CC8A1B59759600112E6B /* CoreGraphics.framework in Frameworks */,
				1C14CC8B1B59759600112E6B /* CoreLocation.framework in Frameworks */,
				1C14CC8C1B59759600112E6B /* libsqlite3.dylib in Frameworks */,
				1C14CC8D1B59759600112E6B /* libz.dylib in Frameworks */,
				1C14CC8E1B59759600112E6B /* MobileCoreServices.framework in Frameworks */,
				1CBBE9351B5EE1DC002064AE /* FBSDKCoreKit.framework in Frameworks */,
				1C14CC8F1B59759600112E6B /* QuartzCore.framework in Frameworks */,
				1C14CC901B59759600112E6B /* Security.framework in Frameworks */,
				1C14CC911B59759600112E6B /* StoreKit.framework in Frameworks */,
				1C14CC921B59759600112E6B /* SystemConfiguration.framework in Frameworks */,
				1C14CC7C1B59751A00112E6B /* ParseUI.framework in Frameworks */,
				1C14CC781B59751A00112E6B /* Parse.framework in Frameworks */,
				1C14CC791B59751A00112E6B /* ParseCrashReporting.framework in Frameworks */,
				1C14CC771B59751A00112E6B /* Bolts.framework in Frameworks */,
				1C14CC7B1B59751A00112E6B /* ParseFacebookUtilsV4.framework in Frameworks */,
			);
			runOnlyForDeploymentPostprocessing = 0;
		};
		1C14CC5D1B5974D300112E6B /* Frameworks */ = {
			isa = PBXFrameworksBuildPhase;
			buildActionMask = 2147483647;
			files = (
			);
			runOnlyForDeploymentPostprocessing = 0;
		};
/* End PBXFrameworksBuildPhase section */

/* Begin PBXGroup section */
		1C14CC421B5974D300112E6B = {
			isa = PBXGroup;
			children = (
				1C14CC4D1B5974D300112E6B /* Tak */,
				1C14CC631B5974D300112E6B /* TakTests */,
				1C14CC4C1B5974D300112E6B /* Products */,
			);
			sourceTree = "<group>";
		};
		1C14CC4C1B5974D300112E6B /* Products */ = {
			isa = PBXGroup;
			children = (
				1C14CC4B1B5974D300112E6B /* Tak.app */,
				1C14CC601B5974D300112E6B /* TakTests.xctest */,
			);
			name = Products;
			sourceTree = "<group>";
		};
		1C14CC4D1B5974D300112E6B /* Tak */ = {
			isa = PBXGroup;
			children = (
				1C14CC931B5976CC00112E6B /* FeedCellViewController.swift */,
				1C14CC941B5976CC00112E6B /* FeedTableViewController.swift */,
				1C14CC951B5976CC00112E6B /* NewItemViewController.swift */,
				1CCAB4B91B66DABF000DFA49 /* DatePickerViewController.swift */,
				1C14CC961B5976CC00112E6B /* CommitmentHelper.swift */,
				1CCAB4BF1B697541000DFA49 /* UserHelper.swift */,
				1C14CC991B5976CC00112E6B /* FeedTableViewCell.swift */,
				1C14CCA01B59862F00112E6B /* ContentViewController.swift */,
				1C14CC501B5974D300112E6B /* AppDelegate.swift */,
				1CBBE9301B5EB593002064AE /* ProfileViewController.swift */,
				1CCAB4BB1B69559D000DFA49 /* ProfileSettingsViewController.swift */,
				1C14CC521B5974D300112E6B /* ViewController.swift */,
				1CBBE92E1B5EAB84002064AE /* LoginViewController.swift */,
				1C14CC541B5974D300112E6B /* Main.storyboard */,
				1C14CC571B5974D300112E6B /* Images.xcassets */,
				1C14CC591B5974D300112E6B /* LaunchScreen.xib */,
				1C14CC971B5976CC00112E6B /* Models */,
				1C14CC701B59751A00112E6B /* Frameworks */,
				1C14CC4E1B5974D300112E6B /* Supporting Files */,
				1CBBE93A1B5EEF93002064AE /* BridgingHeader.h */,
			);
			path = Tak;
			sourceTree = "<group>";
		};
		1C14CC4E1B5974D300112E6B /* Supporting Files */ = {
			isa = PBXGroup;
			children = (
				1C14CC4F1B5974D300112E6B /* Info.plist */,
			);
			name = "Supporting Files";
			sourceTree = "<group>";
		};
		1C14CC631B5974D300112E6B /* TakTests */ = {
			isa = PBXGroup;
			children = (
				1C14CC661B5974D300112E6B /* TakTests.swift */,
				1C14CC641B5974D300112E6B /* Supporting Files */,
			);
			path = TakTests;
			sourceTree = "<group>";
		};
		1C14CC641B5974D300112E6B /* Supporting Files */ = {
			isa = PBXGroup;
			children = (
				1C14CC651B5974D300112E6B /* Info.plist */,
			);
			name = "Supporting Files";
			sourceTree = "<group>";
		};
		1C14CC701B59751A00112E6B /* Frameworks */ = {
			isa = PBXGroup;
			children = (
				1C8FE6AC1B601389009EDCEB /* Accounts.framework */,
				1C8FE6AD1B601389009EDCEB /* Social.framework */,
				1CBBE93B1B5EF36E002064AE /* FBSDKLoginKit.framework */,
				1CBBE9341B5EE1DC002064AE /* FBSDKCoreKit.framework */,
				1C14CC7D1B59759600112E6B /* AudioToolbox.framework */,
				1C14CC7E1B59759600112E6B /* CFNetwork.framework */,
				1C14CC7F1B59759600112E6B /* CoreGraphics.framework */,
				1C14CC801B59759600112E6B /* CoreLocation.framework */,
				1C14CC811B59759600112E6B /* libsqlite3.dylib */,
				1C14CC821B59759600112E6B /* libz.dylib */,
				1C14CC831B59759600112E6B /* MobileCoreServices.framework */,
				1C14CC841B59759600112E6B /* QuartzCore.framework */,
				1C14CC851B59759600112E6B /* Security.framework */,
				1C14CC861B59759600112E6B /* StoreKit.framework */,
				1C14CC871B59759600112E6B /* SystemConfiguration.framework */,
				1C14CC711B59751A00112E6B /* Bolts.framework */,
				1C14CC721B59751A00112E6B /* Parse.framework */,
				1C14CC731B59751A00112E6B /* ParseCrashReporting.framework */,
				1C14CC751B59751A00112E6B /* ParseFacebookUtilsV4.framework */,
				1C14CC761B59751A00112E6B /* ParseUI.framework */,
			);
			path = Frameworks;
			sourceTree = "<group>";
		};
		1C14CC971B5976CC00112E6B /* Models */ = {
			isa = PBXGroup;
			children = (
				1C14CC981B5976CC00112E6B /* Commitment.swift */,
			);
			path = Models;
			sourceTree = "<group>";
		};
/* End PBXGroup section */

/* Begin PBXNativeTarget section */
		1C14CC4A1B5974D300112E6B /* Tak */ = {
			isa = PBXNativeTarget;
			buildConfigurationList = 1C14CC6A1B5974D300112E6B /* Build configuration list for PBXNativeTarget "Tak" */;
			buildPhases = (
				1C14CC471B5974D300112E6B /* Sources */,
				1C14CC481B5974D300112E6B /* Frameworks */,
				1C14CC491B5974D300112E6B /* Resources */,
			);
			buildRules = (
			);
			dependencies = (
			);
			name = Tak;
			productName = Tak;
			productReference = 1C14CC4B1B5974D300112E6B /* Tak.app */;
			productType = "com.apple.product-type.application";
		};
		1C14CC5F1B5974D300112E6B /* TakTests */ = {
			isa = PBXNativeTarget;
			buildConfigurationList = 1C14CC6D1B5974D300112E6B /* Build configuration list for PBXNativeTarget "TakTests" */;
			buildPhases = (
				1C14CC5C1B5974D300112E6B /* Sources */,
				1C14CC5D1B5974D300112E6B /* Frameworks */,
				1C14CC5E1B5974D300112E6B /* Resources */,
			);
			buildRules = (
			);
			dependencies = (
				1C14CC621B5974D300112E6B /* PBXTargetDependency */,
			);
			name = TakTests;
			productName = TakTests;
			productReference = 1C14CC601B5974D300112E6B /* TakTests.xctest */;
			productType = "com.apple.product-type.bundle.unit-test";
		};
/* End PBXNativeTarget section */

/* Begin PBXProject section */
		1C14CC431B5974D300112E6B /* Project object */ = {
			isa = PBXProject;
			attributes = {
				LastUpgradeCheck = 0640;
				ORGANIZATIONNAME = MakeSchool;
				TargetAttributes = {
					1C14CC4A1B5974D300112E6B = {
						CreatedOnToolsVersion = 6.4;
						DevelopmentTeam = 23359WM3AN;
					};
					1C14CC5F1B5974D300112E6B = {
						CreatedOnToolsVersion = 6.4;
						TestTargetID = 1C14CC4A1B5974D300112E6B;
					};
				};
			};
			buildConfigurationList = 1C14CC461B5974D300112E6B /* Build configuration list for PBXProject "Tak" */;
			compatibilityVersion = "Xcode 3.2";
			developmentRegion = English;
			hasScannedForEncodings = 0;
			knownRegions = (
				en,
				Base,
			);
			mainGroup = 1C14CC421B5974D300112E6B;
			productRefGroup = 1C14CC4C1B5974D300112E6B /* Products */;
			projectDirPath = "";
			projectRoot = "";
			targets = (
				1C14CC4A1B5974D300112E6B /* Tak */,
				1C14CC5F1B5974D300112E6B /* TakTests */,
			);
		};
/* End PBXProject section */

/* Begin PBXResourcesBuildPhase section */
		1C14CC491B5974D300112E6B /* Resources */ = {
			isa = PBXResourcesBuildPhase;
			buildActionMask = 2147483647;
			files = (
				1C14CC561B5974D300112E6B /* Main.storyboard in Resources */,
				1C14CC5B1B5974D300112E6B /* LaunchScreen.xib in Resources */,
				1C14CC581B5974D300112E6B /* Images.xcassets in Resources */,
			);
			runOnlyForDeploymentPostprocessing = 0;
		};
		1C14CC5E1B5974D300112E6B /* Resources */ = {
			isa = PBXResourcesBuildPhase;
			buildActionMask = 2147483647;
			files = (
			);
			runOnlyForDeploymentPostprocessing = 0;
		};
/* End PBXResourcesBuildPhase section */

/* Begin PBXSourcesBuildPhase section */
		1C14CC471B5974D300112E6B /* Sources */ = {
			isa = PBXSourcesBuildPhase;
			buildActionMask = 2147483647;
			files = (
				1C14CC9A1B5976CC00112E6B /* FeedCellViewController.swift in Sources */,
				1C14CC9F1B5976CC00112E6B /* FeedTableViewCell.swift in Sources */,
				1CCAB4C01B697541000DFA49 /* UserHelper.swift in Sources */,
				1C14CC531B5974D300112E6B /* ViewController.swift in Sources */,
				1C14CC9E1B5976CC00112E6B /* Commitment.swift in Sources */,
				1CCAB4BC1B69559D000DFA49 /* ProfileSettingsViewController.swift in Sources */,
				1C14CCA11B59862F00112E6B /* ContentViewController.swift in Sources */,
				1C14CC9D1B5976CC00112E6B /* CommitmentHelper.swift in Sources */,
				1CBBE9311B5EB593002064AE /* ProfileViewController.swift in Sources */,
				1C14CC9C1B5976CC00112E6B /* NewItemViewController.swift in Sources */,
				1CCAB4BA1B66DABF000DFA49 /* DatePickerViewController.swift in Sources */,
				1C14CC511B5974D300112E6B /* AppDelegate.swift in Sources */,
				1CBBE92F1B5EAB84002064AE /* LoginViewController.swift in Sources */,
				1C14CC9B1B5976CC00112E6B /* FeedTableViewController.swift in Sources */,
			);
			runOnlyForDeploymentPostprocessing = 0;
		};
		1C14CC5C1B5974D300112E6B /* Sources */ = {
			isa = PBXSourcesBuildPhase;
			buildActionMask = 2147483647;
			files = (
				1C14CC671B5974D300112E6B /* TakTests.swift in Sources */,
			);
			runOnlyForDeploymentPostprocessing = 0;
		};
/* End PBXSourcesBuildPhase section */

/* Begin PBXTargetDependency section */
		1C14CC621B5974D300112E6B /* PBXTargetDependency */ = {
			isa = PBXTargetDependency;
			target = 1C14CC4A1B5974D300112E6B /* Tak */;
			targetProxy = 1C14CC611B5974D300112E6B /* PBXContainerItemProxy */;
		};
/* End PBXTargetDependency section */

/* Begin PBXVariantGroup section */
		1C14CC541B5974D300112E6B /* Main.storyboard */ = {
			isa = PBXVariantGroup;
			children = (
				1C14CC551B5974D300112E6B /* Base */,
			);
			name = Main.storyboard;
			sourceTree = "<group>";
		};
		1C14CC591B5974D300112E6B /* LaunchScreen.xib */ = {
			isa = PBXVariantGroup;
			children = (
				1C14CC5A1B5974D300112E6B /* Base */,
			);
			name = LaunchScreen.xib;
			sourceTree = "<group>";
		};
/* End PBXVariantGroup section */

/* Begin XCBuildConfiguration section */
		1C14CC681B5974D300112E6B /* Debug */ = {
			isa = XCBuildConfiguration;
			buildSettings = {
				ALWAYS_SEARCH_USER_PATHS = NO;
				CLANG_CXX_LANGUAGE_STANDARD = "gnu++0x";
				CLANG_CXX_LIBRARY = "libc++";
				CLANG_ENABLE_MODULES = YES;
				CLANG_ENABLE_OBJC_ARC = YES;
				CLANG_WARN_BOOL_CONVERSION = YES;
				CLANG_WARN_CONSTANT_CONVERSION = YES;
				CLANG_WARN_DIRECT_OBJC_ISA_USAGE = YES_ERROR;
				CLANG_WARN_EMPTY_BODY = YES;
				CLANG_WARN_ENUM_CONVERSION = YES;
				CLANG_WARN_INT_CONVERSION = YES;
				CLANG_WARN_OBJC_ROOT_CLASS = YES_ERROR;
				CLANG_WARN_UNREACHABLE_CODE = YES;
				CLANG_WARN__DUPLICATE_METHOD_MATCH = YES;
				"CODE_SIGN_IDENTITY[sdk=iphoneos*]" = "iPhone Developer";
				COPY_PHASE_STRIP = NO;
				DEBUG_INFORMATION_FORMAT = "dwarf-with-dsym";
				ENABLE_STRICT_OBJC_MSGSEND = YES;
				GCC_C_LANGUAGE_STANDARD = gnu99;
				GCC_DYNAMIC_NO_PIC = NO;
				GCC_NO_COMMON_BLOCKS = YES;
				GCC_OPTIMIZATION_LEVEL = 0;
				GCC_PREPROCESSOR_DEFINITIONS = (
					"DEBUG=1",
					"$(inherited)",
				);
				GCC_SYMBOLS_PRIVATE_EXTERN = NO;
				GCC_WARN_64_TO_32_BIT_CONVERSION = YES;
				GCC_WARN_ABOUT_RETURN_TYPE = YES_ERROR;
				GCC_WARN_UNDECLARED_SELECTOR = YES;
				GCC_WARN_UNINITIALIZED_AUTOS = YES_AGGRESSIVE;
				GCC_WARN_UNUSED_FUNCTION = YES;
				GCC_WARN_UNUSED_VARIABLE = YES;
				IPHONEOS_DEPLOYMENT_TARGET = 8.4;
				MTL_ENABLE_DEBUG_INFO = YES;
				ONLY_ACTIVE_ARCH = YES;
				SDKROOT = iphoneos;
				SWIFT_OPTIMIZATION_LEVEL = "-Onone";
				TARGETED_DEVICE_FAMILY = "1,2";
			};
			name = Debug;
		};
		1C14CC691B5974D300112E6B /* Release */ = {
			isa = XCBuildConfiguration;
			buildSettings = {
				ALWAYS_SEARCH_USER_PATHS = NO;
				CLANG_CXX_LANGUAGE_STANDARD = "gnu++0x";
				CLANG_CXX_LIBRARY = "libc++";
				CLANG_ENABLE_MODULES = YES;
				CLANG_ENABLE_OBJC_ARC = YES;
				CLANG_WARN_BOOL_CONVERSION = YES;
				CLANG_WARN_CONSTANT_CONVERSION = YES;
				CLANG_WARN_DIRECT_OBJC_ISA_USAGE = YES_ERROR;
				CLANG_WARN_EMPTY_BODY = YES;
				CLANG_WARN_ENUM_CONVERSION = YES;
				CLANG_WARN_INT_CONVERSION = YES;
				CLANG_WARN_OBJC_ROOT_CLASS = YES_ERROR;
				CLANG_WARN_UNREACHABLE_CODE = YES;
				CLANG_WARN__DUPLICATE_METHOD_MATCH = YES;
				"CODE_SIGN_IDENTITY[sdk=iphoneos*]" = "iPhone Developer";
				COPY_PHASE_STRIP = NO;
				DEBUG_INFORMATION_FORMAT = "dwarf-with-dsym";
				ENABLE_NS_ASSERTIONS = NO;
				ENABLE_STRICT_OBJC_MSGSEND = YES;
				GCC_C_LANGUAGE_STANDARD = gnu99;
				GCC_NO_COMMON_BLOCKS = YES;
				GCC_WARN_64_TO_32_BIT_CONVERSION = YES;
				GCC_WARN_ABOUT_RETURN_TYPE = YES_ERROR;
				GCC_WARN_UNDECLARED_SELECTOR = YES;
				GCC_WARN_UNINITIALIZED_AUTOS = YES_AGGRESSIVE;
				GCC_WARN_UNUSED_FUNCTION = YES;
				GCC_WARN_UNUSED_VARIABLE = YES;
				IPHONEOS_DEPLOYMENT_TARGET = 8.4;
				MTL_ENABLE_DEBUG_INFO = NO;
				SDKROOT = iphoneos;
				TARGETED_DEVICE_FAMILY = "1,2";
				VALIDATE_PRODUCT = YES;
			};
			name = Release;
		};
		1C14CC6B1B5974D300112E6B /* Debug */ = {
			isa = XCBuildConfiguration;
			buildSettings = {
				ASSETCATALOG_COMPILER_APPICON_NAME = AppIcon;
				CODE_SIGN_IDENTITY = "iPhone Developer";
				"CODE_SIGN_IDENTITY[sdk=iphoneos*]" = "iPhone Developer";
				FRAMEWORK_SEARCH_PATHS = (
					"$(inherited)",
					"$(PROJECT_DIR)/Tak/Frameworks",
					/Users/Rohan/Documents/FacebookSDK,
				);
				INFOPLIST_FILE = Tak/Info.plist;
				LD_RUNPATH_SEARCH_PATHS = "$(inherited) @executable_path/Frameworks";
				PRODUCT_NAME = "$(TARGET_NAME)";
				PROVISIONING_PROFILE = "";
				SWIFT_OBJC_BRIDGING_HEADER = /Users/Rohan/Documents/Tak/Tak/BridgingHeader.h;
			};
			name = Debug;
		};
		1C14CC6C1B5974D300112E6B /* Release */ = {
			isa = XCBuildConfiguration;
			buildSettings = {
				ASSETCATALOG_COMPILER_APPICON_NAME = AppIcon;
				CODE_SIGN_IDENTITY = "iPhone Developer";
				"CODE_SIGN_IDENTITY[sdk=iphoneos*]" = "iPhone Developer";
				FRAMEWORK_SEARCH_PATHS = (
					"$(inherited)",
					"$(PROJECT_DIR)/Tak/Frameworks",
					/Users/Rohan/Documents/FacebookSDK,
				);
				INFOPLIST_FILE = Tak/Info.plist;
				LD_RUNPATH_SEARCH_PATHS = "$(inherited) @executable_path/Frameworks";
				PRODUCT_NAME = "$(TARGET_NAME)";
				PROVISIONING_PROFILE = "";
				SWIFT_OBJC_BRIDGING_HEADER = /Users/Rohan/Documents/Tak/Tak/BridgingHeader.h;
			};
			name = Release;
		};
		1C14CC6E1B5974D300112E6B /* Debug */ = {
			isa = XCBuildConfiguration;
			buildSettings = {
				BUNDLE_LOADER = "$(TEST_HOST)";
				FRAMEWORK_SEARCH_PATHS = (
					"$(SDKROOT)/Developer/Library/Frameworks",
					"$(inherited)",
				);
				GCC_PREPROCESSOR_DEFINITIONS = (
					"DEBUG=1",
					"$(inherited)",
				);
				INFOPLIST_FILE = TakTests/Info.plist;
				LD_RUNPATH_SEARCH_PATHS = "$(inherited) @executable_path/Frameworks @loader_path/Frameworks";
				PRODUCT_NAME = "$(TARGET_NAME)";
				TEST_HOST = "$(BUILT_PRODUCTS_DIR)/Tak.app/Tak";
			};
			name = Debug;
		};
		1C14CC6F1B5974D300112E6B /* Release */ = {
			isa = XCBuildConfiguration;
			buildSettings = {
				BUNDLE_LOADER = "$(TEST_HOST)";
				FRAMEWORK_SEARCH_PATHS = (
					"$(SDKROOT)/Developer/Library/Frameworks",
					"$(inherited)",
				);
				INFOPLIST_FILE = TakTests/Info.plist;
				LD_RUNPATH_SEARCH_PATHS = "$(inherited) @executable_path/Frameworks @loader_path/Frameworks";
				PRODUCT_NAME = "$(TARGET_NAME)";
				TEST_HOST = "$(BUILT_PRODUCTS_DIR)/Tak.app/Tak";
			};
			name = Release;
		};
/* End XCBuildConfiguration section */

/* Begin XCConfigurationList section */
		1C14CC461B5974D300112E6B /* Build configuration list for PBXProject "Tak" */ = {
			isa = XCConfigurationList;
			buildConfigurations = (
				1C14CC681B5974D300112E6B /* Debug */,
				1C14CC691B5974D300112E6B /* Release */,
			);
			defaultConfigurationIsVisible = 0;
			defaultConfigurationName = Release;
		};
		1C14CC6A1B5974D300112E6B /* Build configuration list for PBXNativeTarget "Tak" */ = {
			isa = XCConfigurationList;
			buildConfigurations = (
				1C14CC6B1B5974D300112E6B /* Debug */,
				1C14CC6C1B5974D300112E6B /* Release */,
			);
			defaultConfigurationIsVisible = 0;
			defaultConfigurationName = Release;
		};
		1C14CC6D1B5974D300112E6B /* Build configuration list for PBXNativeTarget "TakTests" */ = {
			isa = XCConfigurationList;
			buildConfigurations = (
				1C14CC6E1B5974D300112E6B /* Debug */,
				1C14CC6F1B5974D300112E6B /* Release */,
			);
			defaultConfigurationIsVisible = 0;
			defaultConfigurationName = Release;
		};
/* End XCConfigurationList section */
	};
	rootObject = 1C14CC431B5974D300112E6B /* Project object */;
}
